github.com/google/go-cmp v0.5.9 h1:O2Tfq5qg4qc4AmwVlvv0oLiVAGB7enBSJ2x2DqQFi38=
github.com/google/go-cmp v0.5.9/go.mod h1:17dUlkBOakJ0+DkrSSNjCkIjxS6bF9zb3elmeNGIjoY=
github.com/google/osv-scanner v1.3.2 h1:QA1t01fqRgVrJXta8Not5lfZgwACZmS/x8VlRCXnYJE=
github.com/google/osv-scanner v1.3.2/go.mod h1:sGfqI0OkLY9Dz9ByX6ul8T0OWIz1dHrlngwEEcjf76s=
github.com/julieqiu/derrors v0.0.0-20210614022941-f601489ffd41 h1:bfNOQ9u4VKeP6hQcLWpJX1weGmcwkt5oNUSbuwWfkfU=
github.com/julieqiu/derrors v0.0.0-20210614022941-f601489ffd41/go.mod h1:uiPOjKLDAYp8ssqLkpXNofm5Bh5eZ7wSxoxxI4tVwmc=
golang.org/x/exp v0.0.0-20230425010034-47ecfdc1ba53 h1:5llv2sWeaMSnA3w2kS57ouQQ4pudlXrR0dCgw51QK9o=
golang.org/x/exp v0.0.0-20230425010034-47ecfdc1ba53/go.mod h1:V1LtkGg67GoY2N1AnLN78QLrzxkLyJw7RJb1gzOOz9w=
golang.org/x/mod v0.10.0 h1:lFO9qtOdlre5W1jxS3r/4szv2/6iXxScdzjoBMXNhYk=
golang.org/x/mod v0.10.0/go.mod h1:iBbtSCu2XBx23ZKBPSOrRkjjQPZFPuis4dIYUhu/chs=
golang.org/x/sync v0.2.0 h1:PUR+T4wwASmuSTYdKjYHI5TD22Wy5ogLU5qZCOLxBrI=
golang.org/x/sync v0.2.0/go.mod h1:RxMgew5VJxzue5/jJTE5uejpjVlOe/izrB70Jof72aM=
golang.org/x/sys v0.7.0 h1:3jlCCIQZPdOYu1h8BkNvLz8Kgwtae2cagcG/VamtZRU=
golang.org/x/tools v0.8.1-0.20230421161920-b9619ee54b47 h1:fQlOhMJ24apqitZX8S4hbCbHU1Z9AvyWkN3BYI55Le4=
golang.org/x/vuln v0.1.0 h1:9GRdj6wAIkDrsMevuolY+SXERPjQPp2P1ysYA0jpZe0=
golang.org/x/vuln v0.1.0/go.mod h1:/YuzZYjGbwB8y19CisAppfyw3uTZnuCz3r+qgx/QRzU=
